# THIS IS AN AUTOGENERATED FILE. DO NOT EDIT THIS FILE DIRECTLY.
# yarn lockfile v1


csstype@^3.0.10:
  version "3.1.0"
  resolved "https://registry.yarnpkg.com/csstype/-/csstype-3.1.0.tgz#4ddcac3718d787cf9df0d1b7d15033925c8f29f2"
  integrity sha512-uX1KG+x9h5hIJsaKR9xHUeUraxf8IODOwq9JLNPq6BwB04a/xgpq3rcx47l5BZu5zBPlgD342tdke3Hom/nJRA==

goober@^2.1.8:
  version "2.1.9"
  resolved "https://registry.yarnpkg.com/goober/-/goober-2.1.9.tgz#0faee08fab1a5d55b23e9ec043bb5a1b46fa025a"
  integrity sha512-PAtnJbrWtHbfpJUIveG5PJIB6Mc9Kd0gimu9wZwPyA+wQUSeOeA4x4Ug16lyaaUUKZ/G6QEH1xunKOuXP1F4Vw==

solid-stitches@^1.2.23:
  version "1.2.23"
  resolved "https://registry.yarnpkg.com/solid-stitches/-/solid-stitches-1.2.23.tgz#8c0ab0a57d793fea75c22280abdf69a0d7ab470d"
  integrity sha512-4JUbvqdgJMoDlwFvKTdnG3JhKmnMQLUufV0hO6Hu/QNhNlmKnp14bmypsObQWRDB0Z73SuNICmm8cm21niNxOw==

solid-styled-components@^0.28.1:
  version "0.28.1"
  resolved "https://registry.yarnpkg.com/solid-styled-components/-/solid-styled-components-0.28.1.tgz#e8f932713049c52f89626a09e2277d8586976c81"
  integrity sha512-cXq6gaJk2/WWvNctibbtCXxTTj6vljboQFgTl5vVRcx7SMkvBFqtBeyc8nKVaX0fXmaHeDIb6kgt8ipiLKQvLQ==
  dependencies:
    csstype "^3.0.10"
    goober "^2.1.8"
